// !$*UTF8*$!
{
	archiveVersion = 1;
	classes = {
	};
	objectVersion = 56;
	objects = {

/* Begin PBXBuildFile section */
		FE9E09B12A248EBD00ADBD94 /* SwiftUIBottomSheetApp.swift in Sources */ = {isa = PBXBuildFile; fileRef = FE9E09B02A248EBD00ADBD94 /* SwiftUIBottomSheetApp.swift */; };
		FE9E09B32A248EBD00ADBD94 /* ContentView.swift in Sources */ = {isa = PBXBuildFile; fileRef = FE9E09B22A248EBD00ADBD94 /* ContentView.swift */; };
		FE9E09B52A248EBE00ADBD94 /* Assets.xcassets in Resources */ = {isa = PBXBuildFile; fileRef = FE9E09B42A248EBE00ADBD94 /* Assets.xcassets */; };
		FE9E09B92A248EBE00ADBD94 /* Preview Assets.xcassets in Resources */ = {isa = PBXBuildFile; fileRef = FE9E09B82A248EBE00ADBD94 /* Preview Assets.xcassets */; };
		FE9E09C02A24901900ADBD94 /* Restaurant.swift in Sources */ = {isa = PBXBuildFile; fileRef = FE9E09BF2A24901900ADBD94 /* Restaurant.swift */; };
		FE9E09C22A24921200ADBD94 /* HandleBar.swift in Sources */ = {isa = PBXBuildFile; fileRef = FE9E09C12A24921200ADBD94 /* HandleBar.swift */; };
		FE9E09C52A24928D00ADBD94 /* TitleBar.swift in Sources */ = {isa = PBXBuildFile; fileRef = FE9E09C42A24928D00ADBD94 /* TitleBar.swift */; };
		FE9E09C72A2492C600ADBD94 /* HeaderView.swift in Sources */ = {isa = PBXBuildFile; fileRef = FE9E09C62A2492C600ADBD94 /* HeaderView.swift */; };
		FE9E09C92A24936200ADBD94 /* DetailInfoView.swift in Sources */ = {isa = PBXBuildFile; fileRef = FE9E09C82A24936200ADBD94 /* DetailInfoView.swift */; };
		FE9E09CB2A2493D500ADBD94 /* RestaurantDetailView.swift in Sources */ = {isa = PBXBuildFile; fileRef = FE9E09CA2A2493D500ADBD94 /* RestaurantDetailView.swift */; };
/* End PBXBuildFile section */

/* Begin PBXFileReference section */
		FE9E09AD2A248EBD00ADBD94 /* SwiftUIBottomSheet.app */ = {isa = PBXFileReference; explicitFileType = wrapper.application; includeInIndex = 0; path = SwiftUIBottomSheet.app; sourceTree = BUILT_PRODUCTS_DIR; };
		FE9E09B02A248EBD00ADBD94 /* SwiftUIBottomSheetApp.swift */ = {isa = PBXFileReference; lastKnownFileType = sourcecode.swift; path = SwiftUIBottomSheetApp.swift; sourceTree = "<group>"; };
		FE9E09B22A248EBD00ADBD94 /* ContentView.swift */ = {isa = PBXFileReference; lastKnownFileType = sourcecode.swift; path = ContentView.swift; sourceTree = "<group>"; };
		FE9E09B42A248EBE00ADBD94 /* Assets.xcassets */ = {isa = PBXFileReference; lastKnownFileType = folder.assetcatalog; path = Assets.xcassets; sourceTree = "<group>"; };
		FE9E09B62A248EBE00ADBD94 /* SwiftUIBottomSheet.entitlements */ = {isa = PBXFileReference; lastKnownFileType = text.plist.entitlements; path = SwiftUIBottomSheet.entitlements; sourceTree = "<group>"; };
		FE9E09B82A248EBE00ADBD94 /* Preview Assets.xcassets */ = {isa = PBXFileReference; lastKnownFileType = folder.assetcatalog; path = "Preview Assets.xcassets"; sourceTree = "<group>"; };
		FE9E09BF2A24901900ADBD94 /* Restaurant.swift */ = {isa = PBXFileReference; lastKnownFileType = sourcecode.swift; path = Restaurant.swift; sourceTree = "<group>"; };
		FE9E09C12A24921200ADBD94 /* HandleBar.swift */ = {isa = PBXFileReference; lastKnownFileType = sourcecode.swift; path = HandleBar.swift; sourceTree = "<group>"; };
		FE9E09C42A24928D00ADBD94 /* TitleBar.swift */ = {isa = PBXFileReference; lastKnownFileType = sourcecode.swift; path = TitleBar.swift; sourceTree = "<group>"; };
		FE9E09C62A2492C600ADBD94 /* HeaderView.swift */ = {isa = PBXFileReference; lastKnownFileType = sourcecode.swift; path = HeaderView.swift; sourceTree = "<group>"; };
		FE9E09C82A24936200ADBD94 /* DetailInfoView.swift */ = {isa = PBXFileReference; lastKnownFileType = sourcecode.swift; path = DetailInfoView.swift; sourceTree = "<group>"; };
		FE9E09CA2A2493D500ADBD94 /* RestaurantDetailView.swift */ = {isa = PBXFileReference; lastKnownFileType = sourcecode.swift; path = RestaurantDetailView.swift; sourceTree = "<group>"; };
/* End PBXFileReference section */

/* Begin PBXFrameworksBuildPhase section */
		FE9E09AA2A248EBD00ADBD94 /* Frameworks */ = {
			isa = PBXFrameworksBuildPhase;
			buildActionMask = 2147483647;
			files = (
			);
			runOnlyForDeploymentPostprocessing = 0;
		};
/* End PBXFrameworksBuildPhase section */

/* Begin PBXGroup section */
		FE9E09A42A248EBC00ADBD94 = {
			isa = PBXGroup;
			children = (
				FE9E09AF2A248EBD00ADBD94 /* SwiftUIBottomSheet */,
				FE9E09AE2A248EBD00ADBD94 /* Products */,
			);
			sourceTree = "<group>";
		};
		FE9E09AE2A248EBD00ADBD94 /* Products */ = {
			isa = PBXGroup;
			children = (
				FE9E09AD2A248EBD00ADBD94 /* SwiftUIBottomSheet.app */,
			);
			name = Products;
			sourceTree = "<group>";
		};
		FE9E09AF2A248EBD00ADBD94 /* SwiftUIBottomSheet */ = {
			isa = PBXGroup;
			children = (
				FE9E09B02A248EBD00ADBD94 /* SwiftUIBottomSheetApp.swift */,
				FE9E09CA2A2493D500ADBD94 /* RestaurantDetailView.swift */,
				FE9E09C32A24927500ADBD94 /* Views */,
				FE9E09BF2A24901900ADBD94 /* Restaurant.swift */,
				FE9E09B22A248EBD00ADBD94 /* ContentView.swift */,
				FE9E09B42A248EBE00ADBD94 /* Assets.xcassets */,
				FE9E09B62A248EBE00ADBD94 /* SwiftUIBottomSheet.entitlements */,
				FE9E09B72A248EBE00ADBD94 /* Preview Content */,
			);
			path = SwiftUIBottomSheet;
			sourceTree = "<group>";
		};
		FE9E09B72A248EBE00ADBD94 /* Preview Content */ = {
			isa = PBXGroup;
			children = (
				FE9E09B82A248EBE00ADBD94 /* Preview Assets.xcassets */,
			);
			path = "Preview Content";
			sourceTree = "<group>";
		};
		FE9E09C32A24927500ADBD94 /* Views */ = {
			isa = PBXGroup;
			children = (
				FE9E09C12A24921200ADBD94 /* HandleBar.swift */,
				FE9E09C42A24928D00ADBD94 /* TitleBar.swift */,
				FE9E09C82A24936200ADBD94 /* DetailInfoView.swift */,
				FE9E09C62A2492C600ADBD94 /* HeaderView.swift */,
			);
			path = Views;
			sourceTree = "<group>";
		};
/* End PBXGroup section */

/* Begin PBXNativeTarget section */
		FE9E09AC2A248EBD00ADBD94 /* SwiftUIBottomSheet */ = {
			isa = PBXNativeTarget;
			buildConfigurationList = FE9E09BC2A248EBE00ADBD94 /* Build configuration list for PBXNativeTarget "SwiftUIBottomSheet" */;
			buildPhases = (
				FE9E09A92A248EBD00ADBD94 /* Sources */,
				FE9E09AA2A248EBD00ADBD94 /* Frameworks */,
				FE9E09AB2A248EBD00ADBD94 /* Resources */,
			);
			buildRules = (
			);
			dependencies = (
			);
			name = SwiftUIBottomSheet;
			productName = SwiftUIBottomSheet;
			productReference = FE9E09AD2A248EBD00ADBD94 /* SwiftUIBottomSheet.app */;
			productType = "com.apple.product-type.application";
		};
/* End PBXNativeTarget section */

/* Begin PBXProject section */
		FE9E09A52A248EBC00ADBD94 /* Project object */ = {
			isa = PBXProject;
			attributes = {
				BuildIndependentTargetsInParallel = 1;
				LastSwiftUpdateCheck = 1430;
				LastUpgradeCheck = 1430;
				TargetAttributes = {
					FE9E09AC2A248EBD00ADBD94 = {
						CreatedOnToolsVersion = 14.3;
					};
				};
			};
			buildConfigurationList = FE9E09A82A248EBC00ADBD94 /* Build configuration list for PBXProject "SwiftUIBottomSheet" */;
			compatibilityVersion = "Xcode 14.0";
			developmentRegion = en;
			hasScannedForEncodings = 0;
			knownRegions = (
				en,
				Base,
			);
			mainGroup = FE9E09A42A248EBC00ADBD94;
			productRefGroup = FE9E09AE2A248EBD00ADBD94 /* Products */;
			projectDirPath = "";
			projectRoot = "";
			targets = (
				FE9E09AC2A248EBD00ADBD94 /* SwiftUIBottomSheet */,
			);
		};
/* End PBXProject section */

/* Begin PBXResourcesBuildPhase section */
		FE9E09AB2A248EBD00ADBD94 /* Resources */ = {
			isa = PBXResourcesBuildPhase;
			buildActionMask = 2147483647;
			files = (
				FE9E09B92A248EBE00ADBD94 /* Preview Assets.xcassets in Resources */,
				FE9E09B52A248EBE00ADBD94 /* Assets.xcassets in Resources */,
			);
			runOnlyForDeploymentPostprocessing = 0;
		};
/* End PBXResourcesBuildPhase section */

/* Begin PBXSourcesBuildPhase section */
		FE9E09A92A248EBD00ADBD94 /* Sources */ = {
			isa = PBXSourcesBuildPhase;
			buildActionMask = 2147483647;
			files = (
				FE9E09C92A24936200ADBD94 /* DetailInfoView.swift in Sources */,
				FE9E09B32A248EBD00ADBD94 /* ContentView.swift in Sources */,
				FE9E09C72A2492C600ADBD94 /* HeaderView.swift in Sources */,
				FE9E09B12A248EBD00ADBD94 /* SwiftUIBottomSheetApp.swift in Sources */,
				FE9E09CB2A2493D500ADBD94 /* RestaurantDetailView.swift in Sources */,
				FE9E09C52A24928D00ADBD94 /* TitleBar.swift in Sources */,
				FE9E09C02A24901900ADBD94 /* Restaurant.swift in Sources */,
				FE9E09C22A24921200ADBD94 /* HandleBar.swift in Sources */,
			);
			runOnlyForDeploymentPostprocessing = 0;
		};
/* End PBXSourcesBuildPhase section */

/* Begin XCBuildConfiguration section */
		FE9E09BA2A248EBE00ADBD94 /* Debug */ = {
			isa = XCBuildConfiguration;
			buildSettings = {
				ALWAYS_SEARCH_USER_PATHS = NO;
				CLANG_ANALYZER_NONNULL = YES;
				CLANG_ANALYZER_NUMBER_OBJECT_CONVERSION = YES_AGGRESSIVE;
				CLANG_CXX_LANGUAGE_STANDARD = "gnu++20";
				CLANG_ENABLE_MODULES = YES;
				CLANG_ENABLE_OBJC_ARC = YES;
				CLANG_ENABLE_OBJC_WEAK = YES;
				CLANG_WARN_BLOCK_CAPTURE_AUTORELEASING = YES;
				CLANG_WARN_BOOL_CONVERSION = YES;
				CLANG_WARN_COMMA = YES;
				CLANG_WARN_CONSTANT_CONVERSION = YES;
				CLANG_WARN_DEPRECATED_OBJC_IMPLEMENTATIONS = YES;
				CLANG_WARN_DIRECT_OBJC_ISA_USAGE = YES_ERROR;
				CLANG_WARN_DOCUMENTATION_COMMENTS = YES;
				CLANG_WARN_EMPTY_BODY = YES;
				CLANG_WARN_ENUM_CONVERSION = YES;
				CLANG_WARN_INFINITE_RECURSION = YES;
				CLANG_WARN_INT_CONVERSION = YES;
				CLANG_WARN_NON_LITERAL_NULL_CONVERSION = YES;
				CLANG_WARN_OBJC_IMPLICIT_RETAIN_SELF = YES;
				CLANG_WARN_OBJC_LITERAL_CONVERSION = YES;
				CLANG_WARN_OBJC_ROOT_CLASS = YES_ERROR;
				CLANG_WARN_QUOTED_INCLUDE_IN_FRAMEWORK_HEADER = YES;
				CLANG_WARN_RANGE_LOOP_ANALYSIS = YES;
				CLANG_WARN_STRICT_PROTOTYPES = YES;
				CLANG_WARN_SUSPICIOUS_MOVE = YES;
				CLANG_WARN_UNGUARDED_AVAILABILITY = YES_AGGRESSIVE;
				CLANG_WARN_UNREACHABLE_CODE = YES;
				CLANG_WARN__DUPLICATE_METHOD_MATCH = YES;
				COPY_PHASE_STRIP = NO;
				DEBUG_INFORMATION_FORMAT = dwarf;
				ENABLE_STRICT_OBJC_MSGSEND = YES;
				ENABLE_TESTABILITY = YES;
				GCC_C_LANGUAGE_STANDARD = gnu11;
				GCC_DYNAMIC_NO_PIC = NO;
				GCC_NO_COMMON_BLOCKS = YES;
				GCC_OPTIMIZATION_LEVEL = 0;
				GCC_PREPROCESSOR_DEFINITIONS = (
					"DEBUG=1",
					"$(inherited)",
				);
				GCC_WARN_64_TO_32_BIT_CONVERSION = YES;
				GCC_WARN_ABOUT_RETURN_TYPE = YES_ERROR;
				GCC_WARN_UNDECLARED_SELECTOR = YES;
				GCC_WARN_UNINITIALIZED_AUTOS = YES_AGGRESSIVE;
				GCC_WARN_UNUSED_FUNCTION = YES;
				GCC_WARN_UNUSED_VARIABLE = YES;
				MTL_ENABLE_DEBUG_INFO = INCLUDE_SOURCE;
				MTL_FAST_MATH = YES;
				ONLY_ACTIVE_ARCH = YES;
				SWIFT_ACTIVE_COMPILATION_CONDITIONS = DEBUG;
				SWIFT_OPTIMIZATION_LEVEL = "-Onone";
			};
			name = Debug;
		};
		FE9E09BB2A248EBE00ADBD94 /* Release */ = {
			isa = XCBuildConfiguration;
			buildSettings = {
				ALWAYS_SEARCH_USER_PATHS = NO;
				CLANG_ANALYZER_NONNULL = YES;
				CLANG_ANALYZER_NUMBER_OBJECT_CONVERSION = YES_AGGRESSIVE;
				CLANG_CXX_LANGUAGE_STANDARD = "gnu++20";
				CLANG_ENABLE_MODULES = YES;
				CLANG_ENABLE_OBJC_ARC = YES;
				CLANG_ENABLE_OBJC_WEAK = YES;
				CLANG_WARN_BLOCK_CAPTURE_AUTORELEASING = YES;
				CLANG_WARN_BOOL_CONVERSION = YES;
				CLANG_WARN_COMMA = YES;
				CLANG_WARN_CONSTANT_CONVERSION = YES;
				CLANG_WARN_DEPRECATED_OBJC_IMPLEMENTATIONS = YES;
				CLANG_WARN_DIRECT_OBJC_ISA_USAGE = YES_ERROR;
				CLANG_WARN_DOCUMENTATION_COMMENTS = YES;
				CLANG_WARN_EMPTY_BODY = YES;
				CLANG_WARN_ENUM_CONVERSION = YES;
				CLANG_WARN_INFINITE_RECURSION = YES;
				CLANG_WARN_INT_CONVERSION = YES;
				CLANG_WARN_NON_LITERAL_NULL_CONVERSION = YES;
				CLANG_WARN_OBJC_IMPLICIT_RETAIN_SELF = YES;
				CLANG_WARN_OBJC_LITERAL_CONVERSION = YES;
				CLANG_WARN_OBJC_ROOT_CLASS = YES_ERROR;
				CLANG_WARN_QUOTED_INCLUDE_IN_FRAMEWORK_HEADER = YES;
				CLANG_WARN_RANGE_LOOP_ANALYSIS = YES;
				CLANG_WARN_STRICT_PROTOTYPES = YES;
				CLANG_WARN_SUSPICIOUS_MOVE = YES;
				CLANG_WARN_UNGUARDED_AVAILABILITY = YES_AGGRESSIVE;
				CLANG_WARN_UNREACHABLE_CODE = YES;
				CLANG_WARN__DUPLICATE_METHOD_MATCH = YES;
				COPY_PHASE_STRIP = NO;
				DEBUG_INFORMATION_FORMAT = "dwarf-with-dsym";
				ENABLE_NS_ASSERTIONS = NO;
				ENABLE_STRICT_OBJC_MSGSEND = YES;
				GCC_C_LANGUAGE_STANDARD = gnu11;
				GCC_NO_COMMON_BLOCKS = YES;
				GCC_WARN_64_TO_32_BIT_CONVERSION = YES;
				GCC_WARN_ABOUT_RETURN_TYPE = YES_ERROR;
				GCC_WARN_UNDECLARED_SELECTOR = YES;
				GCC_WARN_UNINITIALIZED_AUTOS = YES_AGGRESSIVE;
				GCC_WARN_UNUSED_FUNCTION = YES;
				GCC_WARN_UNUSED_VARIABLE = YES;
				MTL_ENABLE_DEBUG_INFO = NO;
				MTL_FAST_MATH = YES;
				SWIFT_COMPILATION_MODE = wholemodule;
				SWIFT_OPTIMIZATION_LEVEL = "-O";
			};
			name = Release;
		};
		FE9E09BD2A248EBE00ADBD94 /* Debug */ = {
			isa = XCBuildConfiguration;
			buildSettings = {
				ASSETCATALOG_COMPILER_APPICON_NAME = AppIcon;
				ASSETCATALOG_COMPILER_GLOBAL_ACCENT_COLOR_NAME = AccentColor;
				CODE_SIGN_ENTITLEMENTS = SwiftUIBottomSheet/SwiftUIBottomSheet.entitlements;
				CODE_SIGN_STYLE = Automatic;
				CURRENT_PROJECT_VERSION = 1;
				DEVELOPMENT_ASSET_PATHS = "\"SwiftUIBottomSheet/Preview Content\"";
				ENABLE_PREVIEWS = YES;
				GENERATE_INFOPLIST_FILE = YES;
				"INFOPLIST_KEY_UIApplicationSceneManifest_Generation[sdk=iphoneos*]" = YES;
				"INFOPLIST_KEY_UIApplicationSceneManifest_Generation[sdk=iphonesimulator*]" = YES;
				"INFOPLIST_KEY_UIApplicationSupportsIndirectInputEvents[sdk=iphoneos*]" = YES;
				"INFOPLIST_KEY_UIApplicationSupportsIndirectInputEvents[sdk=iphonesimulator*]" = YES;
				"INFOPLIST_KEY_UILaunchScreen_Generation[sdk=iphoneos*]" = YES;
				"INFOPLIST_KEY_UILaunchScreen_Generation[sdk=iphonesimulator*]" = YES;
				"INFOPLIST_KEY_UIStatusBarStyle[sdk=iphoneos*]" = UIStatusBarStyleDefault;
				"INFOPLIST_KEY_UIStatusBarStyle[sdk=iphonesimulator*]" = UIStatusBarStyleDefault;
				INFOPLIST_KEY_UISupportedInterfaceOrientations_iPad = "UIInterfaceOrientationPortrait UIInterfaceOrientationPortraitUpsideDown UIInterfaceOrientationLandscapeLeft UIInterfaceOrientationLandscapeRight";
				INFOPLIST_KEY_UISupportedInterfaceOrientations_iPhone = "UIInterfaceOrientationPortrait UIInterfaceOrientationLandscapeLeft UIInterfaceOrientationLandscapeRight";
				IPHONEOS_DEPLOYMENT_TARGET = 16.4;
				LD_RUNPATH_SEARCH_PATHS = "@executable_path/Frameworks";
				"LD_RUNPATH_SEARCH_PATHS[sdk=macosx*]" = "@executable_path/../Frameworks";
				MACOSX_DEPLOYMENT_TARGET = 13.3;
				MARKETING_VERSION = 1.0;
				PRODUCT_BUNDLE_IDENTIFIER = com.maxim.brishten.SwiftUIBottomSheet;
				PRODUCT_NAME = "$(TARGET_NAME)";
				SDKROOT = auto;
				SUPPORTED_PLATFORMS = "iphoneos iphonesimulator macosx";
				SWIFT_EMIT_LOC_STRINGS = YES;
				SWIFT_VERSION = 5.0;
				TARGETED_DEVICE_FAMILY = "1,2";
			};
			name = Debug;
		};
		FE9E09BE2A248EBE00ADBD94 /* Release */ = {
			isa = XCBuildConfiguration;
			buildSettings = {
				ASSETCATALOG_COMPILER_APPICON_NAME = AppIcon;
				ASSETCATALOG_COMPILER_GLOBAL_ACCENT_COLOR_NAME = AccentColor;
				CODE_SIGN_ENTITLEMENTS = SwiftUIBottomSheet/SwiftUIBottomSheet.entitlements;
				CODE_SIGN_STYLE = Automatic;
				CURRENT_PROJECT_VERSION = 1;
				DEVELOPMENT_ASSET_PATHS = "\"SwiftUIBottomSheet/Preview Content\"";
				ENABLE_PREVIEWS = YES;
				GENERATE_INFOPLIST_FILE = YES;
				"INFOPLIST_KEY_UIApplicationSceneManifest_Generation[sdk=iphoneos*]" = YES;
				"INFOPLIST_KEY_UIApplicationSceneManifest_Generation[sdk=iphonesimulator*]" = YES;
				"INFOPLIST_KEY_UIApplicationSupportsIndirectInputEvents[sdk=iphoneos*]" = YES;
				"INFOPLIST_KEY_UIApplicationSupportsIndirectInputEvents[sdk=iphonesimulator*]" = YES;
				"INFOPLIST_KEY_UILaunchScreen_Generation[sdk=iphoneos*]" = YES;
				"INFOPLIST_KEY_UILaunchScreen_Generation[sdk=iphonesimulator*]" = YES;
				"INFOPLIST_KEY_UIStatusBarStyle[sdk=iphoneos*]" = UIStatusBarStyleDefault;
				"INFOPLIST_KEY_UIStatusBarStyle[sdk=iphonesimulator*]" = UIStatusBarStyleDefault;
				INFOPLIST_KEY_UISupportedInterfaceOrientations_iPad = "UIInterfaceOrientationPortrait UIInterfaceOrientationPortraitUpsideDown UIInterfaceOrientationLandscapeLeft UIInterfaceOrientationLandscapeRight";
				INFOPLIST_KEY_UISupportedInterfaceOrientations_iPhone = "UIInterfaceOrientationPortrait UIInterfaceOrientationLandscapeLeft UIInterfaceOrientationLandscapeRight";
				IPHONEOS_DEPLOYMENT_TARGET = 16.4;
				LD_RUNPATH_SEARCH_PATHS = "@executable_path/Frameworks";
				"LD_RUNPATH_SEARCH_PATHS[sdk=macosx*]" = "@executable_path/../Frameworks";
				MACOSX_DEPLOYMENT_TARGET = 13.3;
				MARKETING_VERSION = 1.0;
				PRODUCT_BUNDLE_IDENTIFIER = com.maxim.brishten.SwiftUIBottomSheet;
				PRODUCT_NAME = "$(TARGET_NAME)";
				SDKROOT = auto;
				SUPPORTED_PLATFORMS = "iphoneos iphonesimulator macosx";
				SWIFT_EMIT_LOC_STRINGS = YES;
				SWIFT_VERSION = 5.0;
				TARGETED_DEVICE_FAMILY = "1,2";
			};
			name = Release;
		};
/* End XCBuildConfiguration section */

/* Begin XCConfigurationList section */
		FE9E09A82A248EBC00ADBD94 /* Build configuration list for PBXProject "SwiftUIBottomSheet" */ = {
			isa = XCConfigurationList;
			buildConfigurations = (
				FE9E09BA2A248EBE00ADBD94 /* Debug */,
				FE9E09BB2A248EBE00ADBD94 /* Release */,
			);
			defaultConfigurationIsVisible = 0;
			defaultConfigurationName = Release;
		};
		FE9E09BC2A248EBE00ADBD94 /* Build configuration list for PBXNativeTarget "SwiftUIBottomSheet" */ = {
			isa = XCConfigurationList;
			buildConfigurations = (
				FE9E09BD2A248EBE00ADBD94 /* Debug */,
				FE9E09BE2A248EBE00ADBD94 /* Release */,
			);
			defaultConfigurationIsVisible = 0;
			defaultConfigurationName = Release;
		};
/* End XCConfigurationList section */
	};
	rootObject = FE9E09A52A248EBC00ADBD94 /* Project object */;
}
